
Microsoft Visual Studio Solution File, Format Version 12.00
# Visual Studio Version 17
VisualStudioVersion = 17.9.34622.214
MinimumVisualStudioVersion = 10.0.40219.1
Project("{FAE04EC0-301F-11D3-BF4B-00C04F79EFBC}") = "Flecha_Digital_Demo", "Flecha_Digital_Demo.csproj", "{4E203ADE-DC6C-48D6-BB8B-96E0D9A56CD5}"
EndProject
Global
	GlobalSection(SolutionConfigurationPlatforms) = preSolution
		Debug|Any CPU = Debug|Any CPU
		Release|Any CPU = Release|Any CPU
	EndGlobalSection
	GlobalSection(ProjectConfigurationPlatforms) = postSolution
		{4E203ADE-DC6C-48D6-BB8B-96E0D9A56CD5}.Debug|Any CPU.ActiveCfg = Debug|Any CPU
		{4E203ADE-DC6C-48D6-BB8B-96E0D9A56CD5}.Debug|Any CPU.Build.0 = Debug|Any CPU
		{4E203ADE-DC6C-48D6-BB8B-96E0D9A56CD5}.Debug|Any CPU.Deploy.0 = Debug|Any CPU
		{4E203ADE-DC6C-48D6-BB8B-96E0D9A56CD5}.Release|Any CPU.ActiveCfg = Release|Any CPU
		{4E203ADE-DC6C-48D6-BB8B-96E0D9A56CD5}.Release|Any CPU.Build.0 = Release|Any CPU
		{4E203ADE-DC6C-48D6-BB8B-96E0D9A56CD5}.Release|Any CPU.Deploy.0 = Release|Any CPU
	EndGlobalSection
	GlobalSection(SolutionProperties) = preSolution
		HideSolutionNode = FALSE
	EndGlobalSection
	GlobalSection(ExtensibilityGlobals) = postSolution
		SolutionGuid = {8D402F6B-3853-4249-86D1-8F7E959997CB}
	EndGlobalSection
EndGlobal
